
Microsoft Visual Studio Solution File, Format Version 12.00
# Visual Studio Version 17
VisualStudioVersion = 17.0.31903.59
MinimumVisualStudioVersion = 10.0.40219.1
Project("{FAE04EC0-301F-11D3-BF4B-00C04F79EFBC}") = "TourOfHeroes.API", "TourOfHeroes.API.csproj", "{6391A794-AB2A-43E9-A924-2DC3C7CFEE46}"
EndProject
Global
	GlobalSection(SolutionConfigurationPlatforms) = preSolution
		Debug|Any CPU = Debug|Any CPU
		Release|Any CPU = Release|Any CPU
	EndGlobalSection
	GlobalSection(SolutionProperties) = preSolution
		HideSolutionNode = FALSE
	EndGlobalSection
	GlobalSection(ProjectConfigurationPlatforms) = postSolution
		{6391A794-AB2A-43E9-A924-2DC3C7CFEE46}.Debug|Any CPU.ActiveCfg = Debug|Any CPU
		{6391A794-AB2A-43E9-A924-2DC3C7CFEE46}.Debug|Any CPU.Build.0 = Debug|Any CPU
		{6391A794-AB2A-43E9-A924-2DC3C7CFEE46}.Release|Any CPU.ActiveCfg = Release|Any CPU
		{6391A794-AB2A-43E9-A924-2DC3C7CFEE46}.Release|Any CPU.Build.0 = Release|Any CPU
	EndGlobalSection
EndGlobal
